// !$*UTF8*$!
{
	archiveVersion = 1;
	classes = {
	};
	objectVersion = 55;
	objects = {

/* Begin PBXBuildFile section */
		2121497D2A1BC2FA00AD93DE /* ProductsViewModel.swift in Sources */ = {isa = PBXBuildFile; fileRef = 2121497C2A1BC2FA00AD93DE /* ProductsViewModel.swift */; };
		2121497F2A1BC96900AD93DE /* NetworkingService.swift in Sources */ = {isa = PBXBuildFile; fileRef = 2121497E2A1BC96900AD93DE /* NetworkingService.swift */; };
		212149812A1BE0C800AD93DE /* Product.swift in Sources */ = {isa = PBXBuildFile; fileRef = 212149802A1BE0C800AD93DE /* Product.swift */; };
		212149882A1C6BD600AD93DE /* CartRouter.swift in Sources */ = {isa = PBXBuildFile; fileRef = 212149872A1C6BD600AD93DE /* CartRouter.swift */; };
		2121498A2A1C6C1C00AD93DE /* CartVeiwModel.swift in Sources */ = {isa = PBXBuildFile; fileRef = 212149892A1C6C1C00AD93DE /* CartVeiwModel.swift */; };
		2121498D2A1C6DB200AD93DE /* CartModel.swift in Sources */ = {isa = PBXBuildFile; fileRef = 2121498C2A1C6DB200AD93DE /* CartModel.swift */; };
		212149942A1C77A100AD93DE /* SubscriptionRouter.swift in Sources */ = {isa = PBXBuildFile; fileRef = 212149932A1C77A100AD93DE /* SubscriptionRouter.swift */; };
		212149962A1C77F900AD93DE /* SubscriptionViewModel.swift in Sources */ = {isa = PBXBuildFile; fileRef = 212149952A1C77F900AD93DE /* SubscriptionViewModel.swift */; };
		212149982A1C786400AD93DE /* SubscriptionModel.swift in Sources */ = {isa = PBXBuildFile; fileRef = 212149972A1C786400AD93DE /* SubscriptionModel.swift */; };
		2121499F2A1C82DC00AD93DE /* AddressRouter.swift in Sources */ = {isa = PBXBuildFile; fileRef = 2121499E2A1C82DC00AD93DE /* AddressRouter.swift */; };
		212149A12A1C832A00AD93DE /* AddressViewModel.swift in Sources */ = {isa = PBXBuildFile; fileRef = 212149A02A1C832A00AD93DE /* AddressViewModel.swift */; };
		212149A32A1C836300AD93DE /* AddressModel.swift in Sources */ = {isa = PBXBuildFile; fileRef = 212149A22A1C836300AD93DE /* AddressModel.swift */; };
		212149AB2A1CBBE700AD93DE /* FavouriteItemsRouter.swift in Sources */ = {isa = PBXBuildFile; fileRef = 212149AA2A1CBBE700AD93DE /* FavouriteItemsRouter.swift */; };
		212149AD2A1CBC7F00AD93DE /* FavouriteItemsViewModel.swift in Sources */ = {isa = PBXBuildFile; fileRef = 212149AC2A1CBC7F00AD93DE /* FavouriteItemsViewModel.swift */; };
		212149B02A1CBD9200AD93DE /* FavouriteItemsModel.swift in Sources */ = {isa = PBXBuildFile; fileRef = 212149AF2A1CBD9200AD93DE /* FavouriteItemsModel.swift */; };
		21339E752A1D395100644474 /* CoreDataService.swift in Sources */ = {isa = PBXBuildFile; fileRef = 21339E742A1D395100644474 /* CoreDataService.swift */; };
		21339E782A1D3A3800644474 /* DataModel.xcdatamodeld in Sources */ = {isa = PBXBuildFile; fileRef = 21339E762A1D3A3800644474 /* DataModel.xcdatamodeld */; };
		21603CC92A1A61BA009297A8 /* AddressView.swift in Sources */ = {isa = PBXBuildFile; fileRef = 21603CC82A1A61BA009297A8 /* AddressView.swift */; };
		21603CCB2A1B31CC009297A8 /* MapView.swift in Sources */ = {isa = PBXBuildFile; fileRef = 21603CCA2A1B31CC009297A8 /* MapView.swift */; };
		21603CCD2A1B338D009297A8 /* LocationManager.swift in Sources */ = {isa = PBXBuildFile; fileRef = 21603CCC2A1B338D009297A8 /* LocationManager.swift */; };
		21603CCF2A1BA2B4009297A8 /* FovouriteItemsView.swift in Sources */ = {isa = PBXBuildFile; fileRef = 21603CCE2A1BA2B4009297A8 /* FovouriteItemsView.swift */; };
		21603CD12A1BA567009297A8 /* FinishViewController.swift in Sources */ = {isa = PBXBuildFile; fileRef = 21603CD02A1BA567009297A8 /* FinishViewController.swift */; };
		21603CD52A1BBC26009297A8 /* ProductsModel.swift in Sources */ = {isa = PBXBuildFile; fileRef = 21603CD42A1BBC26009297A8 /* ProductsModel.swift */; };
		21603CD72A1BBCD7009297A8 /* Assembly.swift in Sources */ = {isa = PBXBuildFile; fileRef = 21603CD62A1BBCD7009297A8 /* Assembly.swift */; };
		21603CDA2A1BBDAC009297A8 /* ProductsRouter.swift in Sources */ = {isa = PBXBuildFile; fileRef = 21603CD92A1BBDAC009297A8 /* ProductsRouter.swift */; };
		21BF0E2C2A19EDDF00830E4E /* CompleteButtonTableViewCell.swift in Sources */ = {isa = PBXBuildFile; fileRef = 21BF0E2B2A19EDDF00830E4E /* CompleteButtonTableViewCell.swift */; };
		21C74DEB2A15F15F002A5FA3 /* ProductsView.swift in Sources */ = {isa = PBXBuildFile; fileRef = 21C74DEA2A15F15F002A5FA3 /* ProductsView.swift */; };
		21C74DF12A160391002A5FA3 /* ProductCollectionViewCell.swift in Sources */ = {isa = PBXBuildFile; fileRef = 21C74DF02A160391002A5FA3 /* ProductCollectionViewCell.swift */; };
		21C74DF32A1603FA002A5FA3 /* NSObject+Extension.swift in Sources */ = {isa = PBXBuildFile; fileRef = 21C74DF22A1603FA002A5FA3 /* NSObject+Extension.swift */; };
		21C74DF52A1635EA002A5FA3 /* CustomCounter.swift in Sources */ = {isa = PBXBuildFile; fileRef = 21C74DF42A1635EA002A5FA3 /* CustomCounter.swift */; };
		21C74DF72A174B05002A5FA3 /* CustomButton.swift in Sources */ = {isa = PBXBuildFile; fileRef = 21C74DF62A174B05002A5FA3 /* CustomButton.swift */; };
		21C74DFC2A177790002A5FA3 /* CartView.swift in Sources */ = {isa = PBXBuildFile; fileRef = 21C74DFB2A177790002A5FA3 /* CartView.swift */; };
		21C74DFE2A177CF6002A5FA3 /* CartTableViewCell.swift in Sources */ = {isa = PBXBuildFile; fileRef = 21C74DFD2A177CF6002A5FA3 /* CartTableViewCell.swift */; };
		21C74E012A17B956002A5FA3 /* SubscriptionView.swift in Sources */ = {isa = PBXBuildFile; fileRef = 21C74E002A17B956002A5FA3 /* SubscriptionView.swift */; };
		21C74E032A17BBF7002A5FA3 /* AddressTableViewCell.swift in Sources */ = {isa = PBXBuildFile; fileRef = 21C74E022A17BBF7002A5FA3 /* AddressTableViewCell.swift */; };
		21C74E052A17D985002A5FA3 /* ButtonsCollectionViewCell.swift in Sources */ = {isa = PBXBuildFile; fileRef = 21C74E042A17D985002A5FA3 /* ButtonsCollectionViewCell.swift */; };
		21C74E092A1882F7002A5FA3 /* OptionsTableViewCell.swift in Sources */ = {isa = PBXBuildFile; fileRef = 21C74E082A1882F7002A5FA3 /* OptionsTableViewCell.swift */; };
		21C74E0C2A18A0B9002A5FA3 /* ContactsTableView.swift in Sources */ = {isa = PBXBuildFile; fileRef = 21C74E0B2A18A0B9002A5FA3 /* ContactsTableView.swift */; };
		21C74E0E2A18A214002A5FA3 /* CustomTextField.swift in Sources */ = {isa = PBXBuildFile; fileRef = 21C74E0D2A18A214002A5FA3 /* CustomTextField.swift */; };
		21C74E102A18B1A6002A5FA3 /* MainTabBarController.swift in Sources */ = {isa = PBXBuildFile; fileRef = 21C74E0F2A18B1A6002A5FA3 /* MainTabBarController.swift */; };
		21E3E6002A15E14E00B50E9E /* AppDelegate.swift in Sources */ = {isa = PBXBuildFile; fileRef = 21E3E5FF2A15E14E00B50E9E /* AppDelegate.swift */; };
		21E3E6022A15E14E00B50E9E /* SceneDelegate.swift in Sources */ = {isa = PBXBuildFile; fileRef = 21E3E6012A15E14E00B50E9E /* SceneDelegate.swift */; };
		21E3E6092A15E15000B50E9E /* Assets.xcassets in Resources */ = {isa = PBXBuildFile; fileRef = 21E3E6082A15E15000B50E9E /* Assets.xcassets */; };
		21E3E60C2A15E15000B50E9E /* LaunchScreen.storyboard in Resources */ = {isa = PBXBuildFile; fileRef = 21E3E60A2A15E15000B50E9E /* LaunchScreen.storyboard */; };
/* End PBXBuildFile section */

/* Begin PBXFileReference section */
		2121497C2A1BC2FA00AD93DE /* ProductsViewModel.swift */ = {isa = PBXFileReference; lastKnownFileType = sourcecode.swift; path = ProductsViewModel.swift; sourceTree = "<group>"; };
		2121497E2A1BC96900AD93DE /* NetworkingService.swift */ = {isa = PBXFileReference; lastKnownFileType = sourcecode.swift; path = NetworkingService.swift; sourceTree = "<group>"; };
		212149802A1BE0C800AD93DE /* Product.swift */ = {isa = PBXFileReference; lastKnownFileType = sourcecode.swift; path = Product.swift; sourceTree = "<group>"; };
		212149872A1C6BD600AD93DE /* CartRouter.swift */ = {isa = PBXFileReference; lastKnownFileType = sourcecode.swift; path = CartRouter.swift; sourceTree = "<group>"; };
		212149892A1C6C1C00AD93DE /* CartVeiwModel.swift */ = {isa = PBXFileReference; lastKnownFileType = sourcecode.swift; path = CartVeiwModel.swift; sourceTree = "<group>"; };
		2121498C2A1C6DB200AD93DE /* CartModel.swift */ = {isa = PBXFileReference; lastKnownFileType = sourcecode.swift; path = CartModel.swift; sourceTree = "<group>"; };
		212149932A1C77A100AD93DE /* SubscriptionRouter.swift */ = {isa = PBXFileReference; lastKnownFileType = sourcecode.swift; path = SubscriptionRouter.swift; sourceTree = "<group>"; };
		212149952A1C77F900AD93DE /* SubscriptionViewModel.swift */ = {isa = PBXFileReference; lastKnownFileType = sourcecode.swift; path = SubscriptionViewModel.swift; sourceTree = "<group>"; };
		212149972A1C786400AD93DE /* SubscriptionModel.swift */ = {isa = PBXFileReference; lastKnownFileType = sourcecode.swift; path = SubscriptionModel.swift; sourceTree = "<group>"; };
		2121499E2A1C82DC00AD93DE /* AddressRouter.swift */ = {isa = PBXFileReference; lastKnownFileType = sourcecode.swift; path = AddressRouter.swift; sourceTree = "<group>"; };
		212149A02A1C832A00AD93DE /* AddressViewModel.swift */ = {isa = PBXFileReference; lastKnownFileType = sourcecode.swift; path = AddressViewModel.swift; sourceTree = "<group>"; };
		212149A22A1C836300AD93DE /* AddressModel.swift */ = {isa = PBXFileReference; lastKnownFileType = sourcecode.swift; path = AddressModel.swift; sourceTree = "<group>"; };
		212149AA2A1CBBE700AD93DE /* FavouriteItemsRouter.swift */ = {isa = PBXFileReference; lastKnownFileType = sourcecode.swift; path = FavouriteItemsRouter.swift; sourceTree = "<group>"; };
		212149AC2A1CBC7F00AD93DE /* FavouriteItemsViewModel.swift */ = {isa = PBXFileReference; lastKnownFileType = sourcecode.swift; path = FavouriteItemsViewModel.swift; sourceTree = "<group>"; };
		212149AF2A1CBD9200AD93DE /* FavouriteItemsModel.swift */ = {isa = PBXFileReference; lastKnownFileType = sourcecode.swift; path = FavouriteItemsModel.swift; sourceTree = "<group>"; };
		21339E742A1D395100644474 /* CoreDataService.swift */ = {isa = PBXFileReference; lastKnownFileType = sourcecode.swift; path = CoreDataService.swift; sourceTree = "<group>"; };
		21339E772A1D3A3800644474 /* DataModel.xcdatamodel */ = {isa = PBXFileReference; lastKnownFileType = wrapper.xcdatamodel; path = DataModel.xcdatamodel; sourceTree = "<group>"; };
		21603CC82A1A61BA009297A8 /* AddressView.swift */ = {isa = PBXFileReference; lastKnownFileType = sourcecode.swift; path = AddressView.swift; sourceTree = "<group>"; };
		21603CCA2A1B31CC009297A8 /* MapView.swift */ = {isa = PBXFileReference; lastKnownFileType = sourcecode.swift; path = MapView.swift; sourceTree = "<group>"; };
		21603CCC2A1B338D009297A8 /* LocationManager.swift */ = {isa = PBXFileReference; lastKnownFileType = sourcecode.swift; path = LocationManager.swift; sourceTree = "<group>"; };
		21603CCE2A1BA2B4009297A8 /* FovouriteItemsView.swift */ = {isa = PBXFileReference; lastKnownFileType = sourcecode.swift; path = FovouriteItemsView.swift; sourceTree = "<group>"; };
		21603CD02A1BA567009297A8 /* FinishViewController.swift */ = {isa = PBXFileReference; lastKnownFileType = sourcecode.swift; path = FinishViewController.swift; sourceTree = "<group>"; };
		21603CD42A1BBC26009297A8 /* ProductsModel.swift */ = {isa = PBXFileReference; lastKnownFileType = sourcecode.swift; path = ProductsModel.swift; sourceTree = "<group>"; };
		21603CD62A1BBCD7009297A8 /* Assembly.swift */ = {isa = PBXFileReference; lastKnownFileType = sourcecode.swift; path = Assembly.swift; sourceTree = "<group>"; };
		21603CD92A1BBDAC009297A8 /* ProductsRouter.swift */ = {isa = PBXFileReference; lastKnownFileType = sourcecode.swift; path = ProductsRouter.swift; sourceTree = "<group>"; };
		21BF0E2B2A19EDDF00830E4E /* CompleteButtonTableViewCell.swift */ = {isa = PBXFileReference; lastKnownFileType = sourcecode.swift; path = CompleteButtonTableViewCell.swift; sourceTree = "<group>"; };
		21C74DEA2A15F15F002A5FA3 /* ProductsView.swift */ = {isa = PBXFileReference; lastKnownFileType = sourcecode.swift; path = ProductsView.swift; sourceTree = "<group>"; };
		21C74DF02A160391002A5FA3 /* ProductCollectionViewCell.swift */ = {isa = PBXFileReference; lastKnownFileType = sourcecode.swift; path = ProductCollectionViewCell.swift; sourceTree = "<group>"; };
		21C74DF22A1603FA002A5FA3 /* NSObject+Extension.swift */ = {isa = PBXFileReference; lastKnownFileType = sourcecode.swift; path = "NSObject+Extension.swift"; sourceTree = "<group>"; };
		21C74DF42A1635EA002A5FA3 /* CustomCounter.swift */ = {isa = PBXFileReference; lastKnownFileType = sourcecode.swift; path = CustomCounter.swift; sourceTree = "<group>"; };
		21C74DF62A174B05002A5FA3 /* CustomButton.swift */ = {isa = PBXFileReference; lastKnownFileType = sourcecode.swift; path = CustomButton.swift; sourceTree = "<group>"; };
		21C74DFB2A177790002A5FA3 /* CartView.swift */ = {isa = PBXFileReference; lastKnownFileType = sourcecode.swift; path = CartView.swift; sourceTree = "<group>"; };
		21C74DFD2A177CF6002A5FA3 /* CartTableViewCell.swift */ = {isa = PBXFileReference; lastKnownFileType = sourcecode.swift; path = CartTableViewCell.swift; sourceTree = "<group>"; };
		21C74E002A17B956002A5FA3 /* SubscriptionView.swift */ = {isa = PBXFileReference; lastKnownFileType = sourcecode.swift; path = SubscriptionView.swift; sourceTree = "<group>"; };
		21C74E022A17BBF7002A5FA3 /* AddressTableViewCell.swift */ = {isa = PBXFileReference; lastKnownFileType = sourcecode.swift; path = AddressTableViewCell.swift; sourceTree = "<group>"; };
		21C74E042A17D985002A5FA3 /* ButtonsCollectionViewCell.swift */ = {isa = PBXFileReference; lastKnownFileType = sourcecode.swift; path = ButtonsCollectionViewCell.swift; sourceTree = "<group>"; };
		21C74E082A1882F7002A5FA3 /* OptionsTableViewCell.swift */ = {isa = PBXFileReference; lastKnownFileType = sourcecode.swift; path = OptionsTableViewCell.swift; sourceTree = "<group>"; };
		21C74E0B2A18A0B9002A5FA3 /* ContactsTableView.swift */ = {isa = PBXFileReference; lastKnownFileType = sourcecode.swift; path = ContactsTableView.swift; sourceTree = "<group>"; };
		21C74E0D2A18A214002A5FA3 /* CustomTextField.swift */ = {isa = PBXFileReference; lastKnownFileType = sourcecode.swift; path = CustomTextField.swift; sourceTree = "<group>"; };
		21C74E0F2A18B1A6002A5FA3 /* MainTabBarController.swift */ = {isa = PBXFileReference; lastKnownFileType = sourcecode.swift; path = MainTabBarController.swift; sourceTree = "<group>"; };
		21E3E5FC2A15E14E00B50E9E /* arbuz.kz.app */ = {isa = PBXFileReference; explicitFileType = wrapper.application; includeInIndex = 0; path = arbuz.kz.app; sourceTree = BUILT_PRODUCTS_DIR; };
		21E3E5FF2A15E14E00B50E9E /* AppDelegate.swift */ = {isa = PBXFileReference; lastKnownFileType = sourcecode.swift; path = AppDelegate.swift; sourceTree = "<group>"; };
		21E3E6012A15E14E00B50E9E /* SceneDelegate.swift */ = {isa = PBXFileReference; lastKnownFileType = sourcecode.swift; path = SceneDelegate.swift; sourceTree = "<group>"; };
		21E3E6082A15E15000B50E9E /* Assets.xcassets */ = {isa = PBXFileReference; lastKnownFileType = folder.assetcatalog; path = Assets.xcassets; sourceTree = "<group>"; };
		21E3E60B2A15E15000B50E9E /* Base */ = {isa = PBXFileReference; lastKnownFileType = file.storyboard; name = Base; path = Base.lproj/LaunchScreen.storyboard; sourceTree = "<group>"; };
		21E3E60D2A15E15000B50E9E /* Info.plist */ = {isa = PBXFileReference; lastKnownFileType = text.plist.xml; path = Info.plist; sourceTree = "<group>"; };
/* End PBXFileReference section */

/* Begin PBXFrameworksBuildPhase section */
		21E3E5F92A15E14E00B50E9E /* Frameworks */ = {
			isa = PBXFrameworksBuildPhase;
			buildActionMask = 2147483647;
			files = (
			);
			runOnlyForDeploymentPostprocessing = 0;
		};
/* End PBXFrameworksBuildPhase section */

/* Begin PBXGroup section */
		212149792A1BC29D00AD93DE /* View */ = {
			isa = PBXGroup;
			children = (
				21C74DEA2A15F15F002A5FA3 /* ProductsView.swift */,
			);
			path = View;
			sourceTree = "<group>";
		};
		2121497A2A1BC2AB00AD93DE /* Model */ = {
			isa = PBXGroup;
			children = (
				21603CD42A1BBC26009297A8 /* ProductsModel.swift */,
			);
			path = Model;
			sourceTree = "<group>";
		};
		2121497B2A1BC2D800AD93DE /* ViewModel */ = {
			isa = PBXGroup;
			children = (
				2121497C2A1BC2FA00AD93DE /* ProductsViewModel.swift */,
			);
			path = ViewModel;
			sourceTree = "<group>";
		};
		212149822A1C6B5D00AD93DE /* CartModule */ = {
			isa = PBXGroup;
			children = (
				212149852A1C6B8200AD93DE /* Model */,
				212149842A1C6B7A00AD93DE /* View */,
				212149832A1C6B7000AD93DE /* ViewModel */,
				212149862A1C6B8B00AD93DE /* Router */,
			);
			path = CartModule;
			sourceTree = "<group>";
		};
		212149832A1C6B7000AD93DE /* ViewModel */ = {
			isa = PBXGroup;
			children = (
				212149892A1C6C1C00AD93DE /* CartVeiwModel.swift */,
			);
			path = ViewModel;
			sourceTree = "<group>";
		};
		212149842A1C6B7A00AD93DE /* View */ = {
			isa = PBXGroup;
			children = (
				21C74DFB2A177790002A5FA3 /* CartView.swift */,
				21C74DFD2A177CF6002A5FA3 /* CartTableViewCell.swift */,
			);
			path = View;
			sourceTree = "<group>";
		};
		212149852A1C6B8200AD93DE /* Model */ = {
			isa = PBXGroup;
			children = (
				2121498C2A1C6DB200AD93DE /* CartModel.swift */,
			);
			path = Model;
			sourceTree = "<group>";
		};
		212149862A1C6B8B00AD93DE /* Router */ = {
			isa = PBXGroup;
			children = (
				212149872A1C6BD600AD93DE /* CartRouter.swift */,
			);
			path = Router;
			sourceTree = "<group>";
		};
		2121498E2A1C76FB00AD93DE /* SubscriptionModule */ = {
			isa = PBXGroup;
			children = (
				212149922A1C772000AD93DE /* Model */,
				212149912A1C771900AD93DE /* View */,
				212149902A1C770E00AD93DE /* ViewModel */,
				2121498F2A1C770700AD93DE /* Router */,
			);
			path = SubscriptionModule;
			sourceTree = "<group>";
		};
		2121498F2A1C770700AD93DE /* Router */ = {
			isa = PBXGroup;
			children = (
				212149932A1C77A100AD93DE /* SubscriptionRouter.swift */,
			);
			path = Router;
			sourceTree = "<group>";
		};
		212149902A1C770E00AD93DE /* ViewModel */ = {
			isa = PBXGroup;
			children = (
				212149952A1C77F900AD93DE /* SubscriptionViewModel.swift */,
			);
			path = ViewModel;
			sourceTree = "<group>";
		};
		212149912A1C771900AD93DE /* View */ = {
			isa = PBXGroup;
			children = (
				21C74E002A17B956002A5FA3 /* SubscriptionView.swift */,
				21603CD02A1BA567009297A8 /* FinishViewController.swift */,
				21C74E0A2A188307002A5FA3 /* TableViewCells */,
			);
			path = View;
			sourceTree = "<group>";
		};
		212149922A1C772000AD93DE /* Model */ = {
			isa = PBXGroup;
			children = (
				212149972A1C786400AD93DE /* SubscriptionModel.swift */,
			);
			path = Model;
			sourceTree = "<group>";
		};
		212149992A1C829B00AD93DE /* AddressModule */ = {
			isa = PBXGroup;
			children = (
				2121499D2A1C82C500AD93DE /* Model */,
				2121499C2A1C82B500AD93DE /* View */,
				2121499B2A1C82AE00AD93DE /* ViewModel */,
				2121499A2A1C82A800AD93DE /* Router */,
			);
			path = AddressModule;
			sourceTree = "<group>";
		};
		2121499A2A1C82A800AD93DE /* Router */ = {
			isa = PBXGroup;
			children = (
				2121499E2A1C82DC00AD93DE /* AddressRouter.swift */,
			);
			path = Router;
			sourceTree = "<group>";
		};
		2121499B2A1C82AE00AD93DE /* ViewModel */ = {
			isa = PBXGroup;
			children = (
				212149A02A1C832A00AD93DE /* AddressViewModel.swift */,
			);
			path = ViewModel;
			sourceTree = "<group>";
		};
		2121499C2A1C82B500AD93DE /* View */ = {
			isa = PBXGroup;
			children = (
				21603CC82A1A61BA009297A8 /* AddressView.swift */,
				21603CCA2A1B31CC009297A8 /* MapView.swift */,
			);
			path = View;
			sourceTree = "<group>";
		};
		2121499D2A1C82C500AD93DE /* Model */ = {
			isa = PBXGroup;
			children = (
				212149A22A1C836300AD93DE /* AddressModel.swift */,
			);
			path = Model;
			sourceTree = "<group>";
		};
		212149A62A1CBA0B00AD93DE /* Router */ = {
			isa = PBXGroup;
			children = (
				212149AA2A1CBBE700AD93DE /* FavouriteItemsRouter.swift */,
			);
			path = Router;
			sourceTree = "<group>";
		};
		212149A72A1CBA1600AD93DE /* ViewModel */ = {
			isa = PBXGroup;
			children = (
				212149AC2A1CBC7F00AD93DE /* FavouriteItemsViewModel.swift */,
			);
			path = ViewModel;
			sourceTree = "<group>";
		};
		212149A82A1CBA2000AD93DE /* View */ = {
			isa = PBXGroup;
			children = (
				21603CCE2A1BA2B4009297A8 /* FovouriteItemsView.swift */,
			);
			path = View;
			sourceTree = "<group>";
		};
		212149A92A1CBA2600AD93DE /* Model */ = {
			isa = PBXGroup;
			children = (
				212149AF2A1CBD9200AD93DE /* FavouriteItemsModel.swift */,
			);
			path = Model;
			sourceTree = "<group>";
		};
		212149AE2A1CBD4300AD93DE /* FavouriteModule */ = {
			isa = PBXGroup;
			children = (
				212149A92A1CBA2600AD93DE /* Model */,
				212149A82A1CBA2000AD93DE /* View */,
				212149A72A1CBA1600AD93DE /* ViewModel */,
				212149A62A1CBA0B00AD93DE /* Router */,
			);
			path = FavouriteModule;
			sourceTree = "<group>";
		};
		21339E6E2A1D1C4600644474 /* Services */ = {
			isa = PBXGroup;
			children = (
				2121497E2A1BC96900AD93DE /* NetworkingService.swift */,
				21339E742A1D395100644474 /* CoreDataService.swift */,
			);
			path = Services;
			sourceTree = "<group>";
		};
		21603CD22A1BBB73009297A8 /* MVVM */ = {
			isa = PBXGroup;
			children = (
				21603CD62A1BBCD7009297A8 /* Assembly.swift */,
				21603CD32A1BBB97009297A8 /* ProductsModule */,
				212149822A1C6B5D00AD93DE /* CartModule */,
				2121498E2A1C76FB00AD93DE /* SubscriptionModule */,
				212149992A1C829B00AD93DE /* AddressModule */,
				212149AE2A1CBD4300AD93DE /* FavouriteModule */,
			);
			path = MVVM;
			sourceTree = "<group>";
		};
		21603CD32A1BBB97009297A8 /* ProductsModule */ = {
			isa = PBXGroup;
			children = (
				2121497A2A1BC2AB00AD93DE /* Model */,
				212149792A1BC29D00AD93DE /* View */,
				2121497B2A1BC2D800AD93DE /* ViewModel */,
				21603CD82A1BBD96009297A8 /* Router */,
			);
			path = ProductsModule;
			sourceTree = "<group>";
		};
		21603CD82A1BBD96009297A8 /* Router */ = {
			isa = PBXGroup;
			children = (
				21603CD92A1BBDAC009297A8 /* ProductsRouter.swift */,
			);
			path = Router;
			sourceTree = "<group>";
		};
		21C74DF82A1771C4002A5FA3 /* Reusable UI Elements */ = {
			isa = PBXGroup;
			children = (
				21C74DF02A160391002A5FA3 /* ProductCollectionViewCell.swift */,
				21C74E042A17D985002A5FA3 /* ButtonsCollectionViewCell.swift */,
				21C74DF42A1635EA002A5FA3 /* CustomCounter.swift */,
				21C74DF62A174B05002A5FA3 /* CustomButton.swift */,
				21C74E0D2A18A214002A5FA3 /* CustomTextField.swift */,
			);
			path = "Reusable UI Elements";
			sourceTree = "<group>";
		};
		21C74E0A2A188307002A5FA3 /* TableViewCells */ = {
			isa = PBXGroup;
			children = (
				21C74E022A17BBF7002A5FA3 /* AddressTableViewCell.swift */,
				21C74E082A1882F7002A5FA3 /* OptionsTableViewCell.swift */,
				21C74E0B2A18A0B9002A5FA3 /* ContactsTableView.swift */,
				21BF0E2B2A19EDDF00830E4E /* CompleteButtonTableViewCell.swift */,
			);
			path = TableViewCells;
			sourceTree = "<group>";
		};
		21E3E5F32A15E14E00B50E9E = {
			isa = PBXGroup;
			children = (
				21E3E5FE2A15E14E00B50E9E /* arbuz.kz */,
				21E3E5FD2A15E14E00B50E9E /* Products */,
			);
			sourceTree = "<group>";
		};
		21E3E5FD2A15E14E00B50E9E /* Products */ = {
			isa = PBXGroup;
			children = (
				21E3E5FC2A15E14E00B50E9E /* arbuz.kz.app */,
			);
			name = Products;
			sourceTree = "<group>";
		};
		21E3E5FE2A15E14E00B50E9E /* arbuz.kz */ = {
			isa = PBXGroup;
			children = (
				21E3E6132A15EAF000B50E9E /* Application */,
				21603CD22A1BBB73009297A8 /* MVVM */,
				21339E6E2A1D1C4600644474 /* Services */,
				21E3E6152A15EB2900B50E9E /* Resources */,
				21C74DF82A1771C4002A5FA3 /* Reusable UI Elements */,
				21339E762A1D3A3800644474 /* DataModel.xcdatamodeld */,
			);
			path = arbuz.kz;
			sourceTree = "<group>";
		};
		21E3E6132A15EAF000B50E9E /* Application */ = {
			isa = PBXGroup;
			children = (
				21E3E5FF2A15E14E00B50E9E /* AppDelegate.swift */,
				21E3E6012A15E14E00B50E9E /* SceneDelegate.swift */,
				21C74E0F2A18B1A6002A5FA3 /* MainTabBarController.swift */,
			);
			path = Application;
			sourceTree = "<group>";
		};
		21E3E6152A15EB2900B50E9E /* Resources */ = {
			isa = PBXGroup;
			children = (
				21603CCC2A1B338D009297A8 /* LocationManager.swift */,
				21C74DF22A1603FA002A5FA3 /* NSObject+Extension.swift */,
				212149802A1BE0C800AD93DE /* Product.swift */,
				21E3E6082A15E15000B50E9E /* Assets.xcassets */,
				21E3E60A2A15E15000B50E9E /* LaunchScreen.storyboard */,
				21E3E60D2A15E15000B50E9E /* Info.plist */,
			);
			path = Resources;
			sourceTree = "<group>";
		};
/* End PBXGroup section */

/* Begin PBXNativeTarget section */
		21E3E5FB2A15E14E00B50E9E /* arbuz.kz */ = {
			isa = PBXNativeTarget;
			buildConfigurationList = 21E3E6102A15E15000B50E9E /* Build configuration list for PBXNativeTarget "arbuz.kz" */;
			buildPhases = (
				21E3E5F82A15E14E00B50E9E /* Sources */,
				21E3E5F92A15E14E00B50E9E /* Frameworks */,
				21E3E5FA2A15E14E00B50E9E /* Resources */,
			);
			buildRules = (
			);
			dependencies = (
			);
			name = arbuz.kz;
			productName = arbuz.kz;
			productReference = 21E3E5FC2A15E14E00B50E9E /* arbuz.kz.app */;
			productType = "com.apple.product-type.application";
		};
/* End PBXNativeTarget section */

/* Begin PBXProject section */
		21E3E5F42A15E14E00B50E9E /* Project object */ = {
			isa = PBXProject;
			attributes = {
				BuildIndependentTargetsInParallel = 1;
				LastSwiftUpdateCheck = 1340;
				LastUpgradeCheck = 1340;
				TargetAttributes = {
					21E3E5FB2A15E14E00B50E9E = {
						CreatedOnToolsVersion = 13.4;
					};
				};
			};
			buildConfigurationList = 21E3E5F72A15E14E00B50E9E /* Build configuration list for PBXProject "arbuz.kz" */;
			compatibilityVersion = "Xcode 13.0";
			developmentRegion = en;
			hasScannedForEncodings = 0;
			knownRegions = (
				en,
				Base,
			);
			mainGroup = 21E3E5F32A15E14E00B50E9E;
			productRefGroup = 21E3E5FD2A15E14E00B50E9E /* Products */;
			projectDirPath = "";
			projectRoot = "";
			targets = (
				21E3E5FB2A15E14E00B50E9E /* arbuz.kz */,
			);
		};
/* End PBXProject section */

/* Begin PBXResourcesBuildPhase section */
		21E3E5FA2A15E14E00B50E9E /* Resources */ = {
			isa = PBXResourcesBuildPhase;
			buildActionMask = 2147483647;
			files = (
				21E3E60C2A15E15000B50E9E /* LaunchScreen.storyboard in Resources */,
				21E3E6092A15E15000B50E9E /* Assets.xcassets in Resources */,
			);
			runOnlyForDeploymentPostprocessing = 0;
		};
/* End PBXResourcesBuildPhase section */

/* Begin PBXSourcesBuildPhase section */
		21E3E5F82A15E14E00B50E9E /* Sources */ = {
			isa = PBXSourcesBuildPhase;
			buildActionMask = 2147483647;
			files = (
				212149982A1C786400AD93DE /* SubscriptionModel.swift in Sources */,
				212149942A1C77A100AD93DE /* SubscriptionRouter.swift in Sources */,
				21C74E012A17B956002A5FA3 /* SubscriptionView.swift in Sources */,
				21339E782A1D3A3800644474 /* DataModel.xcdatamodeld in Sources */,
				21C74E102A18B1A6002A5FA3 /* MainTabBarController.swift in Sources */,
				21C74DF12A160391002A5FA3 /* ProductCollectionViewCell.swift in Sources */,
				21603CCB2A1B31CC009297A8 /* MapView.swift in Sources */,
				21C74E092A1882F7002A5FA3 /* OptionsTableViewCell.swift in Sources */,
				2121498D2A1C6DB200AD93DE /* CartModel.swift in Sources */,
				212149962A1C77F900AD93DE /* SubscriptionViewModel.swift in Sources */,
				2121499F2A1C82DC00AD93DE /* AddressRouter.swift in Sources */,
				21603CCF2A1BA2B4009297A8 /* FovouriteItemsView.swift in Sources */,
				2121498A2A1C6C1C00AD93DE /* CartVeiwModel.swift in Sources */,
				21C74E0C2A18A0B9002A5FA3 /* ContactsTableView.swift in Sources */,
				21C74DFE2A177CF6002A5FA3 /* CartTableViewCell.swift in Sources */,
				21BF0E2C2A19EDDF00830E4E /* CompleteButtonTableViewCell.swift in Sources */,
				2121497D2A1BC2FA00AD93DE /* ProductsViewModel.swift in Sources */,
				21603CD12A1BA567009297A8 /* FinishViewController.swift in Sources */,
				21C74DFC2A177790002A5FA3 /* CartView.swift in Sources */,
				21C74DF72A174B05002A5FA3 /* CustomButton.swift in Sources */,
				21C74E0E2A18A214002A5FA3 /* CustomTextField.swift in Sources */,
				21603CC92A1A61BA009297A8 /* AddressView.swift in Sources */,
				212149812A1BE0C800AD93DE /* Product.swift in Sources */,
				212149A32A1C836300AD93DE /* AddressModel.swift in Sources */,
				21C74E052A17D985002A5FA3 /* ButtonsCollectionViewCell.swift in Sources */,
				21C74DF52A1635EA002A5FA3 /* CustomCounter.swift in Sources */,
				21E3E6002A15E14E00B50E9E /* AppDelegate.swift in Sources */,
				21C74DEB2A15F15F002A5FA3 /* ProductsView.swift in Sources */,
				212149882A1C6BD600AD93DE /* CartRouter.swift in Sources */,
				21339E752A1D395100644474 /* CoreDataService.swift in Sources */,
				2121497F2A1BC96900AD93DE /* NetworkingService.swift in Sources */,
				21603CDA2A1BBDAC009297A8 /* ProductsRouter.swift in Sources */,
				21603CD52A1BBC26009297A8 /* ProductsModel.swift in Sources */,
				21603CCD2A1B338D009297A8 /* LocationManager.swift in Sources */,
				212149AB2A1CBBE700AD93DE /* FavouriteItemsRouter.swift in Sources */,
				212149B02A1CBD9200AD93DE /* FavouriteItemsModel.swift in Sources */,
				21603CD72A1BBCD7009297A8 /* Assembly.swift in Sources */,
				212149A12A1C832A00AD93DE /* AddressViewModel.swift in Sources */,
				212149AD2A1CBC7F00AD93DE /* FavouriteItemsViewModel.swift in Sources */,
				21E3E6022A15E14E00B50E9E /* SceneDelegate.swift in Sources */,
				21C74DF32A1603FA002A5FA3 /* NSObject+Extension.swift in Sources */,
				21C74E032A17BBF7002A5FA3 /* AddressTableViewCell.swift in Sources */,
			);
			runOnlyForDeploymentPostprocessing = 0;
		};
/* End PBXSourcesBuildPhase section */

/* Begin PBXVariantGroup section */
		21E3E60A2A15E15000B50E9E /* LaunchScreen.storyboard */ = {
			isa = PBXVariantGroup;
			children = (
				21E3E60B2A15E15000B50E9E /* Base */,
			);
			name = LaunchScreen.storyboard;
			sourceTree = "<group>";
		};
/* End PBXVariantGroup section */

/* Begin XCBuildConfiguration section */
		21E3E60E2A15E15000B50E9E /* Debug */ = {
			isa = XCBuildConfiguration;
			buildSettings = {
				ALWAYS_SEARCH_USER_PATHS = NO;
				CLANG_ANALYZER_NONNULL = YES;
				CLANG_ANALYZER_NUMBER_OBJECT_CONVERSION = YES_AGGRESSIVE;
				CLANG_CXX_LANGUAGE_STANDARD = "gnu++17";
				CLANG_ENABLE_MODULES = YES;
				CLANG_ENABLE_OBJC_ARC = YES;
				CLANG_ENABLE_OBJC_WEAK = YES;
				CLANG_WARN_BLOCK_CAPTURE_AUTORELEASING = YES;
				CLANG_WARN_BOOL_CONVERSION = YES;
				CLANG_WARN_COMMA = YES;
				CLANG_WARN_CONSTANT_CONVERSION = YES;
				CLANG_WARN_DEPRECATED_OBJC_IMPLEMENTATIONS = YES;
				CLANG_WARN_DIRECT_OBJC_ISA_USAGE = YES_ERROR;
				CLANG_WARN_DOCUMENTATION_COMMENTS = YES;
				CLANG_WARN_EMPTY_BODY = YES;
				CLANG_WARN_ENUM_CONVERSION = YES;
				CLANG_WARN_INFINITE_RECURSION = YES;
				CLANG_WARN_INT_CONVERSION = YES;
				CLANG_WARN_NON_LITERAL_NULL_CONVERSION = YES;
				CLANG_WARN_OBJC_IMPLICIT_RETAIN_SELF = YES;
				CLANG_WARN_OBJC_LITERAL_CONVERSION = YES;
				CLANG_WARN_OBJC_ROOT_CLASS = YES_ERROR;
				CLANG_WARN_QUOTED_INCLUDE_IN_FRAMEWORK_HEADER = YES;
				CLANG_WARN_RANGE_LOOP_ANALYSIS = YES;
				CLANG_WARN_STRICT_PROTOTYPES = YES;
				CLANG_WARN_SUSPICIOUS_MOVE = YES;
				CLANG_WARN_UNGUARDED_AVAILABILITY = YES_AGGRESSIVE;
				CLANG_WARN_UNREACHABLE_CODE = YES;
				CLANG_WARN__DUPLICATE_METHOD_MATCH = YES;
				COPY_PHASE_STRIP = NO;
				DEBUG_INFORMATION_FORMAT = dwarf;
				ENABLE_STRICT_OBJC_MSGSEND = YES;
				ENABLE_TESTABILITY = YES;
				GCC_C_LANGUAGE_STANDARD = gnu11;
				GCC_DYNAMIC_NO_PIC = NO;
				GCC_NO_COMMON_BLOCKS = YES;
				GCC_OPTIMIZATION_LEVEL = 0;
				GCC_PREPROCESSOR_DEFINITIONS = (
					"DEBUG=1",
					"$(inherited)",
				);
				GCC_WARN_64_TO_32_BIT_CONVERSION = YES;
				GCC_WARN_ABOUT_RETURN_TYPE = YES_ERROR;
				GCC_WARN_UNDECLARED_SELECTOR = YES;
				GCC_WARN_UNINITIALIZED_AUTOS = YES_AGGRESSIVE;
				GCC_WARN_UNUSED_FUNCTION = YES;
				GCC_WARN_UNUSED_VARIABLE = YES;
				IPHONEOS_DEPLOYMENT_TARGET = 15.5;
				MTL_ENABLE_DEBUG_INFO = INCLUDE_SOURCE;
				MTL_FAST_MATH = YES;
				ONLY_ACTIVE_ARCH = YES;
				SDKROOT = iphoneos;
				SWIFT_ACTIVE_COMPILATION_CONDITIONS = DEBUG;
				SWIFT_OPTIMIZATION_LEVEL = "-Onone";
			};
			name = Debug;
		};
		21E3E60F2A15E15000B50E9E /* Release */ = {
			isa = XCBuildConfiguration;
			buildSettings = {
				ALWAYS_SEARCH_USER_PATHS = NO;
				CLANG_ANALYZER_NONNULL = YES;
				CLANG_ANALYZER_NUMBER_OBJECT_CONVERSION = YES_AGGRESSIVE;
				CLANG_CXX_LANGUAGE_STANDARD = "gnu++17";
				CLANG_ENABLE_MODULES = YES;
				CLANG_ENABLE_OBJC_ARC = YES;
				CLANG_ENABLE_OBJC_WEAK = YES;
				CLANG_WARN_BLOCK_CAPTURE_AUTORELEASING = YES;
				CLANG_WARN_BOOL_CONVERSION = YES;
				CLANG_WARN_COMMA = YES;
				CLANG_WARN_CONSTANT_CONVERSION = YES;
				CLANG_WARN_DEPRECATED_OBJC_IMPLEMENTATIONS = YES;
				CLANG_WARN_DIRECT_OBJC_ISA_USAGE = YES_ERROR;
				CLANG_WARN_DOCUMENTATION_COMMENTS = YES;
				CLANG_WARN_EMPTY_BODY = YES;
				CLANG_WARN_ENUM_CONVERSION = YES;
				CLANG_WARN_INFINITE_RECURSION = YES;
				CLANG_WARN_INT_CONVERSION = YES;
				CLANG_WARN_NON_LITERAL_NULL_CONVERSION = YES;
				CLANG_WARN_OBJC_IMPLICIT_RETAIN_SELF = YES;
				CLANG_WARN_OBJC_LITERAL_CONVERSION = YES;
				CLANG_WARN_OBJC_ROOT_CLASS = YES_ERROR;
				CLANG_WARN_QUOTED_INCLUDE_IN_FRAMEWORK_HEADER = YES;
				CLANG_WARN_RANGE_LOOP_ANALYSIS = YES;
				CLANG_WARN_STRICT_PROTOTYPES = YES;
				CLANG_WARN_SUSPICIOUS_MOVE = YES;
				CLANG_WARN_UNGUARDED_AVAILABILITY = YES_AGGRESSIVE;
				CLANG_WARN_UNREACHABLE_CODE = YES;
				CLANG_WARN__DUPLICATE_METHOD_MATCH = YES;
				COPY_PHASE_STRIP = NO;
				DEBUG_INFORMATION_FORMAT = "dwarf-with-dsym";
				ENABLE_NS_ASSERTIONS = NO;
				ENABLE_STRICT_OBJC_MSGSEND = YES;
				GCC_C_LANGUAGE_STANDARD = gnu11;
				GCC_NO_COMMON_BLOCKS = YES;
				GCC_WARN_64_TO_32_BIT_CONVERSION = YES;
				GCC_WARN_ABOUT_RETURN_TYPE = YES_ERROR;
				GCC_WARN_UNDECLARED_SELECTOR = YES;
				GCC_WARN_UNINITIALIZED_AUTOS = YES_AGGRESSIVE;
				GCC_WARN_UNUSED_FUNCTION = YES;
				GCC_WARN_UNUSED_VARIABLE = YES;
				IPHONEOS_DEPLOYMENT_TARGET = 15.5;
				MTL_ENABLE_DEBUG_INFO = NO;
				MTL_FAST_MATH = YES;
				SDKROOT = iphoneos;
				SWIFT_COMPILATION_MODE = wholemodule;
				SWIFT_OPTIMIZATION_LEVEL = "-O";
				VALIDATE_PRODUCT = YES;
			};
			name = Release;
		};
		21E3E6112A15E15000B50E9E /* Debug */ = {
			isa = XCBuildConfiguration;
			buildSettings = {
				ASSETCATALOG_COMPILER_APPICON_NAME = AppIcon;
				ASSETCATALOG_COMPILER_GLOBAL_ACCENT_COLOR_NAME = AccentColor;
				CODE_SIGN_STYLE = Automatic;
				CURRENT_PROJECT_VERSION = 1;
				DEVELOPMENT_TEAM = 7MJTTLBM2G;
				GENERATE_INFOPLIST_FILE = YES;
				INFOPLIST_FILE = arbuz.kz/Resources/Info.plist;
				INFOPLIST_KEY_UIApplicationSupportsIndirectInputEvents = YES;
				INFOPLIST_KEY_UILaunchStoryboardName = LaunchScreen;
				INFOPLIST_KEY_UISupportedInterfaceOrientations_iPad = "UIInterfaceOrientationPortrait UIInterfaceOrientationPortraitUpsideDown UIInterfaceOrientationLandscapeLeft UIInterfaceOrientationLandscapeRight";
				INFOPLIST_KEY_UISupportedInterfaceOrientations_iPhone = "UIInterfaceOrientationPortrait UIInterfaceOrientationLandscapeLeft UIInterfaceOrientationLandscapeRight";
				LD_RUNPATH_SEARCH_PATHS = (
					"$(inherited)",
					"@executable_path/Frameworks",
				);
				MARKETING_VERSION = 1.0;
				PRODUCT_BUNDLE_IDENTIFIER = "abrorbek.arbuz-kz";
				PRODUCT_NAME = "$(TARGET_NAME)";
				SWIFT_EMIT_LOC_STRINGS = YES;
				SWIFT_VERSION = 5.0;
				TARGETED_DEVICE_FAMILY = "1,2";
			};
			name = Debug;
		};
		21E3E6122A15E15000B50E9E /* Release */ = {
			isa = XCBuildConfiguration;
			buildSettings = {
				ASSETCATALOG_COMPILER_APPICON_NAME = AppIcon;
				ASSETCATALOG_COMPILER_GLOBAL_ACCENT_COLOR_NAME = AccentColor;
				CODE_SIGN_STYLE = Automatic;
				CURRENT_PROJECT_VERSION = 1;
				DEVELOPMENT_TEAM = 7MJTTLBM2G;
				GENERATE_INFOPLIST_FILE = YES;
				INFOPLIST_FILE = arbuz.kz/Resources/Info.plist;
				INFOPLIST_KEY_UIApplicationSupportsIndirectInputEvents = YES;
				INFOPLIST_KEY_UILaunchStoryboardName = LaunchScreen;
				INFOPLIST_KEY_UISupportedInterfaceOrientations_iPad = "UIInterfaceOrientationPortrait UIInterfaceOrientationPortraitUpsideDown UIInterfaceOrientationLandscapeLeft UIInterfaceOrientationLandscapeRight";
				INFOPLIST_KEY_UISupportedInterfaceOrientations_iPhone = "UIInterfaceOrientationPortrait UIInterfaceOrientationLandscapeLeft UIInterfaceOrientationLandscapeRight";
				LD_RUNPATH_SEARCH_PATHS = (
					"$(inherited)",
					"@executable_path/Frameworks",
				);
				MARKETING_VERSION = 1.0;
				PRODUCT_BUNDLE_IDENTIFIER = "abrorbek.arbuz-kz";
				PRODUCT_NAME = "$(TARGET_NAME)";
				SWIFT_EMIT_LOC_STRINGS = YES;
				SWIFT_VERSION = 5.0;
				TARGETED_DEVICE_FAMILY = "1,2";
			};
			name = Release;
		};
/* End XCBuildConfiguration section */

/* Begin XCConfigurationList section */
		21E3E5F72A15E14E00B50E9E /* Build configuration list for PBXProject "arbuz.kz" */ = {
			isa = XCConfigurationList;
			buildConfigurations = (
				21E3E60E2A15E15000B50E9E /* Debug */,
				21E3E60F2A15E15000B50E9E /* Release */,
			);
			defaultConfigurationIsVisible = 0;
			defaultConfigurationName = Release;
		};
		21E3E6102A15E15000B50E9E /* Build configuration list for PBXNativeTarget "arbuz.kz" */ = {
			isa = XCConfigurationList;
			buildConfigurations = (
				21E3E6112A15E15000B50E9E /* Debug */,
				21E3E6122A15E15000B50E9E /* Release */,
			);
			defaultConfigurationIsVisible = 0;
			defaultConfigurationName = Release;
		};
/* End XCConfigurationList section */

/* Begin XCVersionGroup section */
		21339E762A1D3A3800644474 /* DataModel.xcdatamodeld */ = {
			isa = XCVersionGroup;
			children = (
				21339E772A1D3A3800644474 /* DataModel.xcdatamodel */,
			);
			currentVersion = 21339E772A1D3A3800644474 /* DataModel.xcdatamodel */;
			path = DataModel.xcdatamodeld;
			sourceTree = "<group>";
			versionGroupType = wrapper.xcdatamodel;
		};
/* End XCVersionGroup section */
	};
	rootObject = 21E3E5F42A15E14E00B50E9E /* Project object */;
}
